
Microsoft Visual Studio Solution File, Format Version 12.00
# Visual Studio Version 17
VisualStudioVersion = 17.4.33110.190
MinimumVisualStudioVersion = 10.0.40219.1
Project("{FAE04EC0-301F-11D3-BF4B-00C04F79EFBC}") = "HuntersFormsApp", "HuntersFormsApp\HuntersFormsApp.csproj", "{7ABB8813-B42D-4247-8FFD-E0FFF9F55B73}"
EndProject
Global
	GlobalSection(SolutionConfigurationPlatforms) = preSolution
		Debug|Any CPU = Debug|Any CPU
		Release|Any CPU = Release|Any CPU
	EndGlobalSection
	GlobalSection(ProjectConfigurationPlatforms) = postSolution
		{7ABB8813-B42D-4247-8FFD-E0FFF9F55B73}.Debug|Any CPU.ActiveCfg = Debug|Any CPU
		{7ABB8813-B42D-4247-8FFD-E0FFF9F55B73}.Debug|Any CPU.Build.0 = Debug|Any CPU
		{7ABB8813-B42D-4247-8FFD-E0FFF9F55B73}.Release|Any CPU.ActiveCfg = Release|Any CPU
		{7ABB8813-B42D-4247-8FFD-E0FFF9F55B73}.Release|Any CPU.Build.0 = Release|Any CPU
	EndGlobalSection
	GlobalSection(SolutionProperties) = preSolution
		HideSolutionNode = FALSE
	EndGlobalSection
	GlobalSection(ExtensibilityGlobals) = postSolution
		SolutionGuid = {0E22FFD2-FC68-42ED-AB78-C5E9255BEA4F}
	EndGlobalSection
EndGlobal
